
Microsoft Visual Studio Solution File, Format Version 12.00
# Visual Studio Version 16
VisualStudioVersion = 16.0.30621.155
MinimumVisualStudioVersion = 10.0.40219.1
Project("{FAE04EC0-301F-11D3-BF4B-00C04F79EFBC}") = "MvcMovie", "MvcMovie\MvcMovie.csproj", "{A91639ED-2587-4EAC-8E73-07B7E503120A}"
EndProject
Global
	GlobalSection(SolutionConfigurationPlatforms) = preSolution
		Debug|Any CPU = Debug|Any CPU
		Release|Any CPU = Release|Any CPU
	EndGlobalSection
	GlobalSection(ProjectConfigurationPlatforms) = postSolution
		{A91639ED-2587-4EAC-8E73-07B7E503120A}.Debug|Any CPU.ActiveCfg = Debug|Any CPU
		{A91639ED-2587-4EAC-8E73-07B7E503120A}.Debug|Any CPU.Build.0 = Debug|Any CPU
		{A91639ED-2587-4EAC-8E73-07B7E503120A}.Release|Any CPU.ActiveCfg = Release|Any CPU
		{A91639ED-2587-4EAC-8E73-07B7E503120A}.Release|Any CPU.Build.0 = Release|Any CPU
	EndGlobalSection
	GlobalSection(SolutionProperties) = preSolution
		HideSolutionNode = FALSE
	EndGlobalSection
	GlobalSection(ExtensibilityGlobals) = postSolution
		SolutionGuid = {BD434958-70C5-45FC-BCAE-1D5957E73E79}
	EndGlobalSection
EndGlobal
